<?xml version="1.0" encoding="utf-8"?>
<Project ToolsVersion="4.0" xmlns="http://schemas.microsoft.com/developer/msbuild/2003">
  <ItemGroup>
    <Filter Include="Source Files">
      <UniqueIdentifier>{4FC737F1-C7A5-4376-A066-2A32D752A2FF}</UniqueIdentifier>
      <Extensions>cpp;c;cc;cxx;def;odl;idl;hpj;bat;asm;asmx</Extensions>
    </Filter>
    <Filter Include="Header Files">
      <UniqueIdentifier>{93995380-89BD-4b04-88EB-625FBE52EBFB}</UniqueIdentifier>
      <Extensions>h;hpp;hxx;hm;inl;inc;xsd</Extensions>
    </Filter>
    <Filter Include="Header Files\teamspeak">
      <UniqueIdentifier>{424f4ce9-e47e-43e3-91bc-85bbfec2c680}</UniqueIdentifier>
    </Filter>
    <Filter Include="Header Files\teamlog">
      <UniqueIdentifier>{d76dfa87-907d-4936-a5cf-59462dba95d7}</UniqueIdentifier>
    </Filter>
    <Filter Include="Form Files">
      <UniqueIdentifier>{99349809-55BA-4b9d-BF79-8FDBB0286EB3}</UniqueIdentifier>
      <Extensions>ui</Extensions>
      <ParseFiles>true</ParseFiles>
    </Filter>
    <Filter Include="Generated Files">
      <UniqueIdentifier>{71ED8ED8-ACB9-4CE9-BBE1-E00B30144E11}</UniqueIdentifier>
      <Extensions>moc;h;cpp</Extensions>
      <ParseFiles>true</ParseFiles>
    </Filter>
    <Filter Include="Generated Files\Debug">
      <UniqueIdentifier>{6b34b212-5a10-4405-bf35-451faaf9f5c6}</UniqueIdentifier>
      <Extensions>cpp;moc</Extensions>
      <SourceControlFiles>False</SourceControlFiles>
    </Filter>
    <Filter Include="Generated Files\Release">
      <UniqueIdentifier>{d7d91420-92f4-44ee-94ae-0cf04f38a8ac}</UniqueIdentifier>
      <Extensions>cpp;moc</Extensions>
      <SourceControlFiles>False</SourceControlFiles>
    </Filter>
  </ItemGroup>
  <ItemGroup>
    <ClInclude Include="plugin.h">
      <Filter>Header Files</Filter>
    </ClInclude>
    <ClInclude Include="..\include\teamspeak\clientlib_publicdefinitions.h">
      <Filter>Header Files\teamspeak</Filter>
    </ClInclude>
    <ClInclude Include="..\include\teamspeak\public_definitions.h">
      <Filter>Header Files\teamspeak</Filter>
    </ClInclude>
    <ClInclude Include="..\include\teamspeak\public_errors.h">
      <Filter>Header Files\teamspeak</Filter>
    </ClInclude>
    <ClInclude Include="..\include\teamspeak\public_errors_rare.h">
      <Filter>Header Files\teamspeak</Filter>
    </ClInclude>
    <ClInclude Include="..\include\teamspeak\public_rare_definitions.h">
      <Filter>Header Files\teamspeak</Filter>
    </ClInclude>
    <ClInclude Include="..\include\teamlog\logtypes.h">
      <Filter>Header Files\teamlog</Filter>
    </ClInclude>
    <ClInclude Include="..\include\plugin_definitions.h">
      <Filter>Header Files</Filter>
    </ClInclude>
    <ClInclude Include="GeneratedFiles\ui_User-Manager.h">
      <Filter>Generated Files</Filter>
    </ClInclude>
    <ClInclude Include="sqlwrapper.h">
      <Filter>Header Files</Filter>
    </ClInclude>
    <ClInclude Include="help_functions.h">
      <Filter>Header Files</Filter>
    </ClInclude>
    <ClInclude Include="ServerObject.h">
      <Filter>Header Files</Filter>
    </ClInclude>
    <ClInclude Include="ConfigData.h">
      <Filter>Header Files</Filter>
    </ClInclude>
    <ClInclude Include="User.h">
      <Filter>Header Files</Filter>
    </ClInclude>
    <ClInclude Include="GeneratedFiles\ui_UserWidget.h">
      <Filter>Generated Files</Filter>
    </ClInclude>
    <ClInclude Include="include\ts3_functions.h">
      <Filter>Header Files</Filter>
    </ClInclude>
  </ItemGroup>
  <ItemGroup>
    <ClCompile Include="plugin.cpp">
      <Filter>Source Files</Filter>
    </ClCompile>
    <ClCompile Include="configDialog.cpp">
      <Filter>Source Files</Filter>
    </ClCompile>
    <ClCompile Include="sqlwrapper.cpp">
      <Filter>Source Files</Filter>
    </ClCompile>
    <ClCompile Include="GeneratedFiles\Debug\moc_configDialog.cpp">
      <Filter>Generated Files\Debug</Filter>
    </ClCompile>
    <ClCompile Include="GeneratedFiles\Release\moc_configDialog.cpp">
      <Filter>Generated Files\Release</Filter>
    </ClCompile>
    <ClCompile Include="help_functions.cpp">
      <Filter>Source Files</Filter>
    </ClCompile>
    <ClCompile Include="ConfigData.cpp">
      <Filter>Source Files</Filter>
    </ClCompile>
    <ClCompile Include="userwidget.cpp">
      <Filter>Source Files</Filter>
    </ClCompile>
    <ClCompile Include="GeneratedFiles\Debug\moc_userwidget.cpp">
      <Filter>Generated Files\Debug</Filter>
    </ClCompile>
    <ClCompile Include="GeneratedFiles\Release\moc_userwidget.cpp">
      <Filter>Generated Files\Release</Filter>
    </ClCompile>
  </ItemGroup>
  <ItemGroup>
    <CustomBuild Include="configDialog.h">
      <Filter>Header Files</Filter>
    </CustomBuild>
    <CustomBuild Include="UserWidget.ui">
      <Filter>Form Files</Filter>
    </CustomBuild>
    <CustomBuild Include="userwidget.hpp">
      <Filter>Header Files</Filter>
    </CustomBuild>
    <CustomBuild Include="User-Manager.ui">
      <Filter>Form Files</Filter>
    </CustomBuild>
  </ItemGroup>
</Project>