
Microsoft Visual Studio Solution File, Format Version 12.00
# Visual Studio Version 17
VisualStudioVersion = 17.7.34221.43
MinimumVisualStudioVersion = 10.0.40219.1
Project("{8BC9CEB8-8B4A-11D0-8D11-00A0C91BC942}") = "ts3-user-manager", "ts3-user-manager.vcxproj", "{0C08A6E7-62B4-439C-A26A-DC5B33684AC3}"
EndProject
Global
	GlobalSection(SolutionConfigurationPlatforms) = preSolution
		Debug|x64 = Debug|x64
		Release|x64 = Release|x64
	EndGlobalSection
	GlobalSection(ProjectConfigurationPlatforms) = postSolution
		{0C08A6E7-62B4-439C-A26A-DC5B33684AC3}.Debug|x64.ActiveCfg = Debug|x64
		{0C08A6E7-62B4-439C-A26A-DC5B33684AC3}.Debug|x64.Build.0 = Debug|x64
		{0C08A6E7-62B4-439C-A26A-DC5B33684AC3}.Release|x64.ActiveCfg = Release|x64
		{0C08A6E7-62B4-439C-A26A-DC5B33684AC3}.Release|x64.Build.0 = Release|x64
	EndGlobalSection
	GlobalSection(SolutionProperties) = preSolution
		HideSolutionNode = FALSE
	EndGlobalSection
	GlobalSection(ExtensibilityGlobals) = postSolution
		SolutionGuid = {B3A1053D-518E-40F0-9527-D21FB365B6B5}
	EndGlobalSection
EndGlobal
